
Microsoft Visual Studio Solution File, Format Version 12.00
# Visual Studio Version 17
VisualStudioVersion = 17.7.34221.43
MinimumVisualStudioVersion = 10.0.40219.1
Project("{2150E333-8FDC-42A3-9474-1A3956D46DE8}") = "src", "src", "{841C1BFD-16FC-4188-ABC7-D7A3695D7371}"
EndProject
Project("{2150E333-8FDC-42A3-9474-1A3956D46DE8}") = "BallisticCards", "BallisticCards", "{2463E58A-B46F-453C-90EB-E199899F8A6F}"
EndProject
Project("{2150E333-8FDC-42A3-9474-1A3956D46DE8}") = "BallisticCalculations", "BallisticCalculations", "{E0DFED84-3A73-40DC-B656-81A532F44121}"
EndProject
Project("{2150E333-8FDC-42A3-9474-1A3956D46DE8}") = "ShootingCalculations", "ShootingCalculations", "{53309D8D-1632-446A-84C4-DCEC0B964B2A}"
EndProject
Project("{2150E333-8FDC-42A3-9474-1A3956D46DE8}") = "Fields", "Fields", "{5F1DBDDC-ECFD-482C-A98F-FACD6F3675AE}"
EndProject
Project("{9A19103F-16F7-4668-BE54-9A1E7A4F7556}") = "Modules.BallisticCards.Application", "Modules.BallisticCards.Application\Modules.BallisticCards.Application.csproj", "{701F81F7-624D-4DFE-8968-6803FAA16BA4}"
EndProject
Project("{9A19103F-16F7-4668-BE54-9A1E7A4F7556}") = "Modules.BallisticCards.Domain", "Modules.BallisticCards.Domain\Modules.BallisticCards.Domain.csproj", "{94EDF4FA-A106-4E0E-925C-FEB08B0110A3}"
EndProject
Project("{9A19103F-16F7-4668-BE54-9A1E7A4F7556}") = "Modules.BallisticCards.Persistence", "Modules.BallisticCards.Persistence\Modules.BallisticCards.Persistence.csproj", "{BA595BCB-A449-408C-AA07-20231B9E425A}"
EndProject
Project("{9A19103F-16F7-4668-BE54-9A1E7A4F7556}") = "Modules.BallisticCards.Infrastructure", "Modules.BallisticCards.Infrastructure\Modules.BallisticCards.Infrastructure.csproj", "{12822DE0-A0F4-45B3-8D3E-E1BA6590759E}"
EndProject
Project("{9A19103F-16F7-4668-BE54-9A1E7A4F7556}") = "Modules.Fields.Application", "Modules.Fields.Application\Modules.Fields.Application.csproj", "{7F07C04E-803E-4B86-AE41-83E1B813540E}"
EndProject
Project("{9A19103F-16F7-4668-BE54-9A1E7A4F7556}") = "Modules.Fields.Domain", "Modules.Fields.Domain\Modules.Fields.Domain.csproj", "{7025F8B5-E3B2-4F48-B802-0429DE3AA0AA}"
EndProject
Project("{9A19103F-16F7-4668-BE54-9A1E7A4F7556}") = "Modules.Fields.Persistence", "Modules.Fields.Persistence\Modules.Fields.Persistence.csproj", "{F622C214-D905-4782-B13C-8ED552DB8AA4}"
EndProject
Project("{9A19103F-16F7-4668-BE54-9A1E7A4F7556}") = "Modules.Fields.Infrastructure", "Modules.Fields.Infrastructure\Modules.Fields.Infrastructure.csproj", "{F5A0ABFB-6325-4895-8BED-A1B246C51051}"
EndProject
Project("{9A19103F-16F7-4668-BE54-9A1E7A4F7556}") = "WebApp", "WebApp\WebApp.csproj", "{2DCD963A-9AEE-4D9C-9B39-FA2A83589E9C}"
EndProject
Project("{2150E333-8FDC-42A3-9474-1A3956D46DE8}") = "test", "test", "{66E1DAC4-0EF3-4986-A28C-E9C2FA97AA17}"
EndProject
Project("{9A19103F-16F7-4668-BE54-9A1E7A4F7556}") = "Modules.BallisticCalculations.Core", "Modules.BallisticCalculations.Core\Modules.BallisticCalculations.Core.csproj", "{5AC734E7-E543-4025-9A6F-5F532C92752D}"
EndProject
Project("{9A19103F-16F7-4668-BE54-9A1E7A4F7556}") = "Modules.BallisticCards.Tests", "Modules.BallisticCards.Tests\Modules.BallisticCards.Tests.csproj", "{45C9856D-4774-4239-AC4C-9F9113D601A3}"
EndProject
Project("{9A19103F-16F7-4668-BE54-9A1E7A4F7556}") = "Modules.BallisticCalculations.Tests", "Modules.BallisticCalculations.Tests\Modules.BallisticCalculations.Tests.csproj", "{7E8F83DD-B8AC-4630-B598-4BB57852B414}"
EndProject
Project("{9A19103F-16F7-4668-BE54-9A1E7A4F7556}") = "Modules.ShootingCalculations.Core", "Modules.ShootingCalculations.Core\Modules.ShootingCalculations.Core.csproj", "{45A6CBBD-1082-49C2-BCC9-4D9073696368}"
EndProject
Project("{9A19103F-16F7-4668-BE54-9A1E7A4F7556}") = "Modules.ShootingCalculations.Tests", "Modules.ShootingCalculations.Tests\Modules.ShootingCalculations.Tests.csproj", "{F238FFA0-E0CA-4C14-AF75-5133F49C145D}"
EndProject
Project("{2150E333-8FDC-42A3-9474-1A3956D46DE8}") = "WebAppEndPoints", "WebAppEndPoints", "{CF2B01D6-82DF-46C0-88F8-D14DC9BC37D5}"
EndProject
Project("{9A19103F-16F7-4668-BE54-9A1E7A4F7556}") = "Modules.WebApp.Endpoints", "Modules.WebApp.Endpoints\Modules.WebApp.Endpoints.csproj", "{C87C0605-A7ED-42F3-989D-EEFF7FED8AD3}"
EndProject
Project("{2150E333-8FDC-42A3-9474-1A3956D46DE8}") = "Shooters", "Shooters", "{848CF72B-C181-428C-8255-5BC4545498C1}"
EndProject
Project("{9A19103F-16F7-4668-BE54-9A1E7A4F7556}") = "Modules.Shooters.Application", "Modules.Shooters.Application\Modules.Shooters.Application.csproj", "{F058A691-4815-4034-80AF-3AEAFCCD8521}"
EndProject
Project("{9A19103F-16F7-4668-BE54-9A1E7A4F7556}") = "Modules.Shooters.Domain", "Modules.Shooters.Domain\Modules.Shooters.Domain.csproj", "{F56A50EC-32A0-44A1-8D36-1D0B64C3540E}"
EndProject
Project("{9A19103F-16F7-4668-BE54-9A1E7A4F7556}") = "Modules.Shooters.Infrastructure", "Modules.Shooters.Infrastructure\Modules.Shooters.Infrastructure.csproj", "{0D040BB2-A89E-49B3-86C4-7D9E5F68086C}"
EndProject
Project("{9A19103F-16F7-4668-BE54-9A1E7A4F7556}") = "Modules.Shooters.Persistence", "Modules.Shooters.Persistence\Modules.Shooters.Persistence.csproj", "{187D2FD0-560B-441C-9397-BBE41A9BDD0F}"
EndProject
Project("{2150E333-8FDC-42A3-9474-1A3956D46DE8}") = "Security", "Security", "{9EBA3FD5-CB6D-4F3F-BC5B-074C3875F44F}"
EndProject
Project("{9A19103F-16F7-4668-BE54-9A1E7A4F7556}") = "Modules.Security.Domain", "Modules.Security.Domain\Modules.Security.Domain.csproj", "{2347E859-4C86-413A-89C7-D80D2BC10045}"
EndProject
Project("{9A19103F-16F7-4668-BE54-9A1E7A4F7556}") = "Modules.Security.Application", "Modules.Security.Application\Modules.Security.Application.csproj", "{F57C2A2A-4879-42BE-ADB9-4D4AD8B3AD35}"
EndProject
Project("{9A19103F-16F7-4668-BE54-9A1E7A4F7556}") = "Modules.Security.Infrastructure", "Modules.Security.Infrastructure\Modules.Security.Infrastructure.csproj", "{56B94CC8-BFA0-4CF7-B02F-1490352A2005}"
EndProject
Project("{9A19103F-16F7-4668-BE54-9A1E7A4F7556}") = "Modules.Security.Persistence", "Modules.Security.Persistence\Modules.Security.Persistence.csproj", "{66434A11-7DBD-44F9-87FC-5843D03B3DCC}"
EndProject
Global
	GlobalSection(SolutionConfigurationPlatforms) = preSolution
		Debug|Any CPU = Debug|Any CPU
		Release|Any CPU = Release|Any CPU
	EndGlobalSection
	GlobalSection(ProjectConfigurationPlatforms) = postSolution
		{701F81F7-624D-4DFE-8968-6803FAA16BA4}.Debug|Any CPU.ActiveCfg = Debug|Any CPU
		{701F81F7-624D-4DFE-8968-6803FAA16BA4}.Debug|Any CPU.Build.0 = Debug|Any CPU
		{701F81F7-624D-4DFE-8968-6803FAA16BA4}.Release|Any CPU.ActiveCfg = Release|Any CPU
		{701F81F7-624D-4DFE-8968-6803FAA16BA4}.Release|Any CPU.Build.0 = Release|Any CPU
		{94EDF4FA-A106-4E0E-925C-FEB08B0110A3}.Debug|Any CPU.ActiveCfg = Debug|Any CPU
		{94EDF4FA-A106-4E0E-925C-FEB08B0110A3}.Debug|Any CPU.Build.0 = Debug|Any CPU
		{94EDF4FA-A106-4E0E-925C-FEB08B0110A3}.Release|Any CPU.ActiveCfg = Release|Any CPU
		{94EDF4FA-A106-4E0E-925C-FEB08B0110A3}.Release|Any CPU.Build.0 = Release|Any CPU
		{BA595BCB-A449-408C-AA07-20231B9E425A}.Debug|Any CPU.ActiveCfg = Debug|Any CPU
		{BA595BCB-A449-408C-AA07-20231B9E425A}.Debug|Any CPU.Build.0 = Debug|Any CPU
		{BA595BCB-A449-408C-AA07-20231B9E425A}.Release|Any CPU.ActiveCfg = Release|Any CPU
		{BA595BCB-A449-408C-AA07-20231B9E425A}.Release|Any CPU.Build.0 = Release|Any CPU
		{12822DE0-A0F4-45B3-8D3E-E1BA6590759E}.Debug|Any CPU.ActiveCfg = Debug|Any CPU
		{12822DE0-A0F4-45B3-8D3E-E1BA6590759E}.Debug|Any CPU.Build.0 = Debug|Any CPU
		{12822DE0-A0F4-45B3-8D3E-E1BA6590759E}.Release|Any CPU.ActiveCfg = Release|Any CPU
		{12822DE0-A0F4-45B3-8D3E-E1BA6590759E}.Release|Any CPU.Build.0 = Release|Any CPU
		{7F07C04E-803E-4B86-AE41-83E1B813540E}.Debug|Any CPU.ActiveCfg = Debug|Any CPU
		{7F07C04E-803E-4B86-AE41-83E1B813540E}.Debug|Any CPU.Build.0 = Debug|Any CPU
		{7F07C04E-803E-4B86-AE41-83E1B813540E}.Release|Any CPU.ActiveCfg = Release|Any CPU
		{7F07C04E-803E-4B86-AE41-83E1B813540E}.Release|Any CPU.Build.0 = Release|Any CPU
		{7025F8B5-E3B2-4F48-B802-0429DE3AA0AA}.Debug|Any CPU.ActiveCfg = Debug|Any CPU
		{7025F8B5-E3B2-4F48-B802-0429DE3AA0AA}.Debug|Any CPU.Build.0 = Debug|Any CPU
		{7025F8B5-E3B2-4F48-B802-0429DE3AA0AA}.Release|Any CPU.ActiveCfg = Release|Any CPU
		{7025F8B5-E3B2-4F48-B802-0429DE3AA0AA}.Release|Any CPU.Build.0 = Release|Any CPU
		{F622C214-D905-4782-B13C-8ED552DB8AA4}.Debug|Any CPU.ActiveCfg = Debug|Any CPU
		{F622C214-D905-4782-B13C-8ED552DB8AA4}.Debug|Any CPU.Build.0 = Debug|Any CPU
		{F622C214-D905-4782-B13C-8ED552DB8AA4}.Release|Any CPU.ActiveCfg = Release|Any CPU
		{F622C214-D905-4782-B13C-8ED552DB8AA4}.Release|Any CPU.Build.0 = Release|Any CPU
		{F5A0ABFB-6325-4895-8BED-A1B246C51051}.Debug|Any CPU.ActiveCfg = Debug|Any CPU
		{F5A0ABFB-6325-4895-8BED-A1B246C51051}.Debug|Any CPU.Build.0 = Debug|Any CPU
		{F5A0ABFB-6325-4895-8BED-A1B246C51051}.Release|Any CPU.ActiveCfg = Release|Any CPU
		{F5A0ABFB-6325-4895-8BED-A1B246C51051}.Release|Any CPU.Build.0 = Release|Any CPU
		{2DCD963A-9AEE-4D9C-9B39-FA2A83589E9C}.Debug|Any CPU.ActiveCfg = Debug|Any CPU
		{2DCD963A-9AEE-4D9C-9B39-FA2A83589E9C}.Debug|Any CPU.Build.0 = Debug|Any CPU
		{2DCD963A-9AEE-4D9C-9B39-FA2A83589E9C}.Release|Any CPU.ActiveCfg = Release|Any CPU
		{2DCD963A-9AEE-4D9C-9B39-FA2A83589E9C}.Release|Any CPU.Build.0 = Release|Any CPU
		{5AC734E7-E543-4025-9A6F-5F532C92752D}.Debug|Any CPU.ActiveCfg = Debug|Any CPU
		{5AC734E7-E543-4025-9A6F-5F532C92752D}.Debug|Any CPU.Build.0 = Debug|Any CPU
		{5AC734E7-E543-4025-9A6F-5F532C92752D}.Release|Any CPU.ActiveCfg = Release|Any CPU
		{5AC734E7-E543-4025-9A6F-5F532C92752D}.Release|Any CPU.Build.0 = Release|Any CPU
		{45C9856D-4774-4239-AC4C-9F9113D601A3}.Debug|Any CPU.ActiveCfg = Debug|Any CPU
		{45C9856D-4774-4239-AC4C-9F9113D601A3}.Debug|Any CPU.Build.0 = Debug|Any CPU
		{45C9856D-4774-4239-AC4C-9F9113D601A3}.Release|Any CPU.ActiveCfg = Release|Any CPU
		{45C9856D-4774-4239-AC4C-9F9113D601A3}.Release|Any CPU.Build.0 = Release|Any CPU
		{7E8F83DD-B8AC-4630-B598-4BB57852B414}.Debug|Any CPU.ActiveCfg = Debug|Any CPU
		{7E8F83DD-B8AC-4630-B598-4BB57852B414}.Debug|Any CPU.Build.0 = Debug|Any CPU
		{7E8F83DD-B8AC-4630-B598-4BB57852B414}.Release|Any CPU.ActiveCfg = Release|Any CPU
		{7E8F83DD-B8AC-4630-B598-4BB57852B414}.Release|Any CPU.Build.0 = Release|Any CPU
		{45A6CBBD-1082-49C2-BCC9-4D9073696368}.Debug|Any CPU.ActiveCfg = Debug|Any CPU
		{45A6CBBD-1082-49C2-BCC9-4D9073696368}.Debug|Any CPU.Build.0 = Debug|Any CPU
		{45A6CBBD-1082-49C2-BCC9-4D9073696368}.Release|Any CPU.ActiveCfg = Release|Any CPU
		{45A6CBBD-1082-49C2-BCC9-4D9073696368}.Release|Any CPU.Build.0 = Release|Any CPU
		{F238FFA0-E0CA-4C14-AF75-5133F49C145D}.Debug|Any CPU.ActiveCfg = Debug|Any CPU
		{F238FFA0-E0CA-4C14-AF75-5133F49C145D}.Debug|Any CPU.Build.0 = Debug|Any CPU
		{F238FFA0-E0CA-4C14-AF75-5133F49C145D}.Release|Any CPU.ActiveCfg = Release|Any CPU
		{F238FFA0-E0CA-4C14-AF75-5133F49C145D}.Release|Any CPU.Build.0 = Release|Any CPU
		{C87C0605-A7ED-42F3-989D-EEFF7FED8AD3}.Debug|Any CPU.ActiveCfg = Debug|Any CPU
		{C87C0605-A7ED-42F3-989D-EEFF7FED8AD3}.Debug|Any CPU.Build.0 = Debug|Any CPU
		{C87C0605-A7ED-42F3-989D-EEFF7FED8AD3}.Release|Any CPU.ActiveCfg = Release|Any CPU
		{C87C0605-A7ED-42F3-989D-EEFF7FED8AD3}.Release|Any CPU.Build.0 = Release|Any CPU
		{F058A691-4815-4034-80AF-3AEAFCCD8521}.Debug|Any CPU.ActiveCfg = Debug|Any CPU
		{F058A691-4815-4034-80AF-3AEAFCCD8521}.Debug|Any CPU.Build.0 = Debug|Any CPU
		{F058A691-4815-4034-80AF-3AEAFCCD8521}.Release|Any CPU.ActiveCfg = Release|Any CPU
		{F058A691-4815-4034-80AF-3AEAFCCD8521}.Release|Any CPU.Build.0 = Release|Any CPU
		{F56A50EC-32A0-44A1-8D36-1D0B64C3540E}.Debug|Any CPU.ActiveCfg = Debug|Any CPU
		{F56A50EC-32A0-44A1-8D36-1D0B64C3540E}.Debug|Any CPU.Build.0 = Debug|Any CPU
		{F56A50EC-32A0-44A1-8D36-1D0B64C3540E}.Release|Any CPU.ActiveCfg = Release|Any CPU
		{F56A50EC-32A0-44A1-8D36-1D0B64C3540E}.Release|Any CPU.Build.0 = Release|Any CPU
		{0D040BB2-A89E-49B3-86C4-7D9E5F68086C}.Debug|Any CPU.ActiveCfg = Debug|Any CPU
		{0D040BB2-A89E-49B3-86C4-7D9E5F68086C}.Debug|Any CPU.Build.0 = Debug|Any CPU
		{0D040BB2-A89E-49B3-86C4-7D9E5F68086C}.Release|Any CPU.ActiveCfg = Release|Any CPU
		{0D040BB2-A89E-49B3-86C4-7D9E5F68086C}.Release|Any CPU.Build.0 = Release|Any CPU
		{187D2FD0-560B-441C-9397-BBE41A9BDD0F}.Debug|Any CPU.ActiveCfg = Debug|Any CPU
		{187D2FD0-560B-441C-9397-BBE41A9BDD0F}.Debug|Any CPU.Build.0 = Debug|Any CPU
		{187D2FD0-560B-441C-9397-BBE41A9BDD0F}.Release|Any CPU.ActiveCfg = Release|Any CPU
		{187D2FD0-560B-441C-9397-BBE41A9BDD0F}.Release|Any CPU.Build.0 = Release|Any CPU
		{2347E859-4C86-413A-89C7-D80D2BC10045}.Debug|Any CPU.ActiveCfg = Debug|Any CPU
		{2347E859-4C86-413A-89C7-D80D2BC10045}.Debug|Any CPU.Build.0 = Debug|Any CPU
		{2347E859-4C86-413A-89C7-D80D2BC10045}.Release|Any CPU.ActiveCfg = Release|Any CPU
		{2347E859-4C86-413A-89C7-D80D2BC10045}.Release|Any CPU.Build.0 = Release|Any CPU
		{F57C2A2A-4879-42BE-ADB9-4D4AD8B3AD35}.Debug|Any CPU.ActiveCfg = Debug|Any CPU
		{F57C2A2A-4879-42BE-ADB9-4D4AD8B3AD35}.Debug|Any CPU.Build.0 = Debug|Any CPU
		{F57C2A2A-4879-42BE-ADB9-4D4AD8B3AD35}.Release|Any CPU.ActiveCfg = Release|Any CPU
		{F57C2A2A-4879-42BE-ADB9-4D4AD8B3AD35}.Release|Any CPU.Build.0 = Release|Any CPU
		{56B94CC8-BFA0-4CF7-B02F-1490352A2005}.Debug|Any CPU.ActiveCfg = Debug|Any CPU
		{56B94CC8-BFA0-4CF7-B02F-1490352A2005}.Debug|Any CPU.Build.0 = Debug|Any CPU
		{56B94CC8-BFA0-4CF7-B02F-1490352A2005}.Release|Any CPU.ActiveCfg = Release|Any CPU
		{56B94CC8-BFA0-4CF7-B02F-1490352A2005}.Release|Any CPU.Build.0 = Release|Any CPU
		{66434A11-7DBD-44F9-87FC-5843D03B3DCC}.Debug|Any CPU.ActiveCfg = Debug|Any CPU
		{66434A11-7DBD-44F9-87FC-5843D03B3DCC}.Debug|Any CPU.Build.0 = Debug|Any CPU
		{66434A11-7DBD-44F9-87FC-5843D03B3DCC}.Release|Any CPU.ActiveCfg = Release|Any CPU
		{66434A11-7DBD-44F9-87FC-5843D03B3DCC}.Release|Any CPU.Build.0 = Release|Any CPU
	EndGlobalSection
	GlobalSection(SolutionProperties) = preSolution
		HideSolutionNode = FALSE
	EndGlobalSection
	GlobalSection(NestedProjects) = preSolution
		{2463E58A-B46F-453C-90EB-E199899F8A6F} = {841C1BFD-16FC-4188-ABC7-D7A3695D7371}
		{E0DFED84-3A73-40DC-B656-81A532F44121} = {841C1BFD-16FC-4188-ABC7-D7A3695D7371}
		{53309D8D-1632-446A-84C4-DCEC0B964B2A} = {841C1BFD-16FC-4188-ABC7-D7A3695D7371}
		{5F1DBDDC-ECFD-482C-A98F-FACD6F3675AE} = {841C1BFD-16FC-4188-ABC7-D7A3695D7371}
		{701F81F7-624D-4DFE-8968-6803FAA16BA4} = {2463E58A-B46F-453C-90EB-E199899F8A6F}
		{94EDF4FA-A106-4E0E-925C-FEB08B0110A3} = {2463E58A-B46F-453C-90EB-E199899F8A6F}
		{BA595BCB-A449-408C-AA07-20231B9E425A} = {2463E58A-B46F-453C-90EB-E199899F8A6F}
		{12822DE0-A0F4-45B3-8D3E-E1BA6590759E} = {2463E58A-B46F-453C-90EB-E199899F8A6F}
		{7F07C04E-803E-4B86-AE41-83E1B813540E} = {5F1DBDDC-ECFD-482C-A98F-FACD6F3675AE}
		{7025F8B5-E3B2-4F48-B802-0429DE3AA0AA} = {5F1DBDDC-ECFD-482C-A98F-FACD6F3675AE}
		{F622C214-D905-4782-B13C-8ED552DB8AA4} = {5F1DBDDC-ECFD-482C-A98F-FACD6F3675AE}
		{F5A0ABFB-6325-4895-8BED-A1B246C51051} = {5F1DBDDC-ECFD-482C-A98F-FACD6F3675AE}
		{2DCD963A-9AEE-4D9C-9B39-FA2A83589E9C} = {841C1BFD-16FC-4188-ABC7-D7A3695D7371}
		{5AC734E7-E543-4025-9A6F-5F532C92752D} = {E0DFED84-3A73-40DC-B656-81A532F44121}
		{45C9856D-4774-4239-AC4C-9F9113D601A3} = {66E1DAC4-0EF3-4986-A28C-E9C2FA97AA17}
		{7E8F83DD-B8AC-4630-B598-4BB57852B414} = {66E1DAC4-0EF3-4986-A28C-E9C2FA97AA17}
		{45A6CBBD-1082-49C2-BCC9-4D9073696368} = {53309D8D-1632-446A-84C4-DCEC0B964B2A}
		{F238FFA0-E0CA-4C14-AF75-5133F49C145D} = {66E1DAC4-0EF3-4986-A28C-E9C2FA97AA17}
		{CF2B01D6-82DF-46C0-88F8-D14DC9BC37D5} = {841C1BFD-16FC-4188-ABC7-D7A3695D7371}
		{C87C0605-A7ED-42F3-989D-EEFF7FED8AD3} = {CF2B01D6-82DF-46C0-88F8-D14DC9BC37D5}
		{848CF72B-C181-428C-8255-5BC4545498C1} = {841C1BFD-16FC-4188-ABC7-D7A3695D7371}
		{F058A691-4815-4034-80AF-3AEAFCCD8521} = {848CF72B-C181-428C-8255-5BC4545498C1}
		{F56A50EC-32A0-44A1-8D36-1D0B64C3540E} = {848CF72B-C181-428C-8255-5BC4545498C1}
		{0D040BB2-A89E-49B3-86C4-7D9E5F68086C} = {848CF72B-C181-428C-8255-5BC4545498C1}
		{187D2FD0-560B-441C-9397-BBE41A9BDD0F} = {848CF72B-C181-428C-8255-5BC4545498C1}
		{9EBA3FD5-CB6D-4F3F-BC5B-074C3875F44F} = {841C1BFD-16FC-4188-ABC7-D7A3695D7371}
		{2347E859-4C86-413A-89C7-D80D2BC10045} = {9EBA3FD5-CB6D-4F3F-BC5B-074C3875F44F}
		{F57C2A2A-4879-42BE-ADB9-4D4AD8B3AD35} = {9EBA3FD5-CB6D-4F3F-BC5B-074C3875F44F}
		{56B94CC8-BFA0-4CF7-B02F-1490352A2005} = {9EBA3FD5-CB6D-4F3F-BC5B-074C3875F44F}
		{66434A11-7DBD-44F9-87FC-5843D03B3DCC} = {9EBA3FD5-CB6D-4F3F-BC5B-074C3875F44F}
	EndGlobalSection
	GlobalSection(ExtensibilityGlobals) = postSolution
		SolutionGuid = {00557022-8E2B-44F9-BE9E-91C562FD5B31}
	EndGlobalSection
EndGlobal
